
Microsoft Visual Studio Solution File, Format Version 12.00
# Visual Studio 14
VisualStudioVersion = 14.0.23107.0
MinimumVisualStudioVersion = 10.0.40219.1
Project("{FAE04EC0-301F-11D3-BF4B-00C04F79EFBC}") = "AnySqlDataFeed", "AnySqlDataFeed\AnySqlDataFeed.csproj", "{6BF40366-47FB-4D8C-9AFB-C13F0D0DE6F4}"
EndProject
Project("{FAE04EC0-301F-11D3-BF4B-00C04F79EFBC}") = "AnySqlFormsDataFeed", "AnySqlFormsDataFeed\AnySqlFormsDataFeed.csproj", "{16CC3148-A748-468F-B656-7189F80492DC}"
EndProject
Global
	GlobalSection(SolutionConfigurationPlatforms) = preSolution
		Debug|Any CPU = Debug|Any CPU
		Release|Any CPU = Release|Any CPU
	EndGlobalSection
	GlobalSection(ProjectConfigurationPlatforms) = postSolution
		{6BF40366-47FB-4D8C-9AFB-C13F0D0DE6F4}.Debug|Any CPU.ActiveCfg = Debug|Any CPU
		{6BF40366-47FB-4D8C-9AFB-C13F0D0DE6F4}.Debug|Any CPU.Build.0 = Debug|Any CPU
		{6BF40366-47FB-4D8C-9AFB-C13F0D0DE6F4}.Release|Any CPU.ActiveCfg = Release|Any CPU
		{6BF40366-47FB-4D8C-9AFB-C13F0D0DE6F4}.Release|Any CPU.Build.0 = Release|Any CPU
		{16CC3148-A748-468F-B656-7189F80492DC}.Debug|Any CPU.ActiveCfg = Debug|Any CPU
		{16CC3148-A748-468F-B656-7189F80492DC}.Debug|Any CPU.Build.0 = Debug|Any CPU
		{16CC3148-A748-468F-B656-7189F80492DC}.Release|Any CPU.ActiveCfg = Release|Any CPU
		{16CC3148-A748-468F-B656-7189F80492DC}.Release|Any CPU.Build.0 = Release|Any CPU
	EndGlobalSection
	GlobalSection(SolutionProperties) = preSolution
		HideSolutionNode = FALSE
	EndGlobalSection
EndGlobal
